
Microsoft Visual Studio Solution File, Format Version 12.00
# Visual Studio 14
VisualStudioVersion = 14.0.25420.1
MinimumVisualStudioVersion = 10.0.40219.1
Project("{2150E333-8FDC-42A3-9474-1A3956D46DE8}") = "src", "src", "{CE9FC469-A7FE-4C12-986B-905A100FE747}"
EndProject
Project("{2150E333-8FDC-42A3-9474-1A3956D46DE8}") = "Solution Items", "Solution Items", "{6E6E81A9-60EA-4D70-8324-4AC411FB1E45}"
	ProjectSection(SolutionItems) = preProject
		global.json = global.json
	EndProjectSection
EndProject
Project("{8BB2217D-0F2D-49D1-97BC-3654ED321F3B}") = "Klusser", "src\Klusser\Klusser.xproj", "{A17EF577-096C-46DD-AFEE-234CE6F36517}"
EndProject
Global
	GlobalSection(SolutionConfigurationPlatforms) = preSolution
		Debug|Any CPU = Debug|Any CPU
		Release|Any CPU = Release|Any CPU
	EndGlobalSection
	GlobalSection(ProjectConfigurationPlatforms) = postSolution
		{A17EF577-096C-46DD-AFEE-234CE6F36517}.Debug|Any CPU.ActiveCfg = Debug|Any CPU
		{A17EF577-096C-46DD-AFEE-234CE6F36517}.Debug|Any CPU.Build.0 = Debug|Any CPU
		{A17EF577-096C-46DD-AFEE-234CE6F36517}.Release|Any CPU.ActiveCfg = Release|Any CPU
		{A17EF577-096C-46DD-AFEE-234CE6F36517}.Release|Any CPU.Build.0 = Release|Any CPU
	EndGlobalSection
	GlobalSection(SolutionProperties) = preSolution
		HideSolutionNode = FALSE
	EndGlobalSection
	GlobalSection(NestedProjects) = preSolution
		{A17EF577-096C-46DD-AFEE-234CE6F36517} = {CE9FC469-A7FE-4C12-986B-905A100FE747}
	EndGlobalSection
EndGlobal
